
Microsoft Visual Studio Solution File, Format Version 12.00
# Visual Studio Version 17
VisualStudioVersion = 17.3.32825.248
MinimumVisualStudioVersion = 10.0.40219.1
Project("{9A19103F-16F7-4668-BE54-9A1E7A4F7556}") = "VendingMachine.UI", "VendingMachine.UI\VendingMachine.UI.csproj", "{D4F8F822-C901-4E61-B2E5-E41632F4809B}"
EndProject
Project("{9A19103F-16F7-4668-BE54-9A1E7A4F7556}") = "VendingMachine.BLL", "VendingMachine.BLL\VendingMachine.BLL.csproj", "{F2B4B54E-CD29-4E30-8E3C-7218E42D506D}"
EndProject
Project("{9A19103F-16F7-4668-BE54-9A1E7A4F7556}") = "VendingMachine.DAL", "VendingMachine.DAL\VendingMachine.DAL.csproj", "{0D5C9C0E-7370-48E0-A44D-4A63061802F2}"
EndProject
Project("{FAE04EC0-301F-11D3-BF4B-00C04F79EFBC}") = "VendingMachineTests", "VendingMachineTests\VendingMachineTests.csproj", "{A5E25CC3-6439-430F-9D29-A6461BCA7EEC}"
EndProject
Global
	GlobalSection(SolutionConfigurationPlatforms) = preSolution
		Debug|Any CPU = Debug|Any CPU
		Release|Any CPU = Release|Any CPU
	EndGlobalSection
	GlobalSection(ProjectConfigurationPlatforms) = postSolution
		{D4F8F822-C901-4E61-B2E5-E41632F4809B}.Debug|Any CPU.ActiveCfg = Debug|Any CPU
		{D4F8F822-C901-4E61-B2E5-E41632F4809B}.Debug|Any CPU.Build.0 = Debug|Any CPU
		{D4F8F822-C901-4E61-B2E5-E41632F4809B}.Release|Any CPU.ActiveCfg = Release|Any CPU
		{D4F8F822-C901-4E61-B2E5-E41632F4809B}.Release|Any CPU.Build.0 = Release|Any CPU
		{F2B4B54E-CD29-4E30-8E3C-7218E42D506D}.Debug|Any CPU.ActiveCfg = Debug|Any CPU
		{F2B4B54E-CD29-4E30-8E3C-7218E42D506D}.Debug|Any CPU.Build.0 = Debug|Any CPU
		{F2B4B54E-CD29-4E30-8E3C-7218E42D506D}.Release|Any CPU.ActiveCfg = Release|Any CPU
		{F2B4B54E-CD29-4E30-8E3C-7218E42D506D}.Release|Any CPU.Build.0 = Release|Any CPU
		{0D5C9C0E-7370-48E0-A44D-4A63061802F2}.Debug|Any CPU.ActiveCfg = Debug|Any CPU
		{0D5C9C0E-7370-48E0-A44D-4A63061802F2}.Debug|Any CPU.Build.0 = Debug|Any CPU
		{0D5C9C0E-7370-48E0-A44D-4A63061802F2}.Release|Any CPU.ActiveCfg = Release|Any CPU
		{0D5C9C0E-7370-48E0-A44D-4A63061802F2}.Release|Any CPU.Build.0 = Release|Any CPU
		{A5E25CC3-6439-430F-9D29-A6461BCA7EEC}.Debug|Any CPU.ActiveCfg = Debug|Any CPU
		{A5E25CC3-6439-430F-9D29-A6461BCA7EEC}.Debug|Any CPU.Build.0 = Debug|Any CPU
		{A5E25CC3-6439-430F-9D29-A6461BCA7EEC}.Release|Any CPU.ActiveCfg = Release|Any CPU
		{A5E25CC3-6439-430F-9D29-A6461BCA7EEC}.Release|Any CPU.Build.0 = Release|Any CPU
	EndGlobalSection
	GlobalSection(SolutionProperties) = preSolution
		HideSolutionNode = FALSE
	EndGlobalSection
	GlobalSection(ExtensibilityGlobals) = postSolution
		SolutionGuid = {F8303CAA-8605-42CE-8378-1C4E58D52165}
	EndGlobalSection
EndGlobal
